# This file is generated by running "yarn install" inside your project.
# Manual changes might be lost - proceed with caution!

__metadata:
  version: 4

"@types/lodash@npm:^4.14.153":
  version: 4.14.153
  resolution: "@types/lodash@npm:4.14.153"
  checksum: 3/7d12c7c2e00abd498a0aabd129eeb2361d4872e1f40ddc0b42d7a80fab445171c217222e5bf6e9085e93531a4c0a2ec131f4078112d395db6b91328f40c40f5e
  languageName: node
  linkType: hard

"@types/node@npm:*, @types/node@npm:^14.0.1":
  version: 14.0.4
  resolution: "@types/node@npm:14.0.4"
  checksum: 3/ea723cbd063ab777920a624002d3caaa274482e055d29d92247bd39b4c826f0a62d3badb173f360a9d6fe03ff607ce27310a0b8a4c9835ecb91fa17d9627aecd
  languageName: node
  linkType: hard

"@types/progress@npm:^2.0.3":
  version: 2.0.3
  resolution: "@types/progress@npm:2.0.3"
  dependencies:
    "@types/node": "*"
  checksum: 3/b221d95b40f8fade9a512b04a064571b2b35b3d4928e4d583f10bacf083d55c1400f87b5e260bd40abb74ed6b9cd4b7cea21cc8227bc219ef3f98490e511089f
  languageName: node
  linkType: hard

"adler-32@npm:~1.2.0":
  version: 1.2.0
  resolution: "adler-32@npm:1.2.0"
  dependencies:
    exit-on-epipe: ~1.0.1
    printj: ~1.1.0
  bin:
    adler32: ./bin/adler32.njs
  checksum: 3/1fdee10ae9dae94d667b5bb4c1ad4a82e4a7038d071d322388fcc23fb812e5bef78814899b65562cc16a9e24036e6e64eaa027489a66ac602ed3f02a347cda2c
  languageName: node
  linkType: hard

"adler-32@npm:~1.3.0":
  version: 1.3.0
  resolution: "adler-32@npm:1.3.0"
  dependencies:
    printj: ~1.2.2
  checksum: 3/5991f589c373ace288cd08988b40567ea0baa7d0371d6c24faf35a319139a33f288d67faaac07e49a1f75f896826b2a80ec36b83d76e7f1666e3486f48fa7d89
  languageName: node
  linkType: hard

"arg@npm:^4.1.0":
  version: 4.1.3
  resolution: "arg@npm:4.1.3"
  checksum: 3/81b3b40b1529c4fbf75b12f7c3e6fb2dcce9e78072063babc169de9b4f40777788f3d2b04380f659ef676a756e03ccfbfe78adf4477353bda906295fa69dab89
  languageName: node
  linkType: hard

"balanced-match@npm:^1.0.0":
  version: 1.0.0
  resolution: "balanced-match@npm:1.0.0"
  checksum: 3/f515a605fe1b59f476f7477c5e1d53ad55b4f42982fca1d57b6701906f4ad1f1ac90fd6587d92cc1af2edb43eecf979214dd847ee410a6de9db4ebf0dd128d62
  languageName: node
  linkType: hard

"brace-expansion@npm:^1.1.7":
  version: 1.1.11
  resolution: "brace-expansion@npm:1.1.11"
  dependencies:
    balanced-match: ^1.0.0
    concat-map: 0.0.1
  checksum: 3/4c878e25e4858baf801945dfd63eb68feab2e502cf1122f25f3915c0e3bf397af3a93ff6bef0798db41c0d81ef28c08e55daac38058710f749a3b96eee6b8f40
  languageName: node
  linkType: hard

"buffer-from@npm:^1.0.0":
  version: 1.1.1
  resolution: "buffer-from@npm:1.1.1"
  checksum: 3/540ceb79c4f5bfcadaabbc18324fa84c50dc52905084be7c03596a339cf5a88513bee6831ce9b36ddd046fab09257a7c80686e129d0559a0cfd141da196ad956
  languageName: node
  linkType: hard

"cfb@npm:^1.1.4":
  version: 1.2.1
  resolution: "cfb@npm:1.2.1"
  dependencies:
    adler-32: ~1.3.0
    crc-32: ~1.2.0
    printj: ~1.3.0
  checksum: 3/c4ccf0c32ac97fec267a6f9e9b2e924e84bd32ffd2d1348f54bfb104601a82248524024583184281862d6374a399f0f9f213818f91bf6df4cad2b876e21f56ff
  languageName: node
  linkType: hard

"codepage@npm:~1.15.0":
  version: 1.15.0
  resolution: "codepage@npm:1.15.0"
  checksum: 3/8d92eb4ad475177de31b600347452f2dfc0d13c623b7502a80f7366c7af2b47342eec993bc79d6a5992f046ce16454c4d271b443972ba18581b4121b4f332bd3
  languageName: node
  linkType: hard

"commander@npm:~2.17.1":
  version: 2.17.1
  resolution: "commander@npm:2.17.1"
  checksum: 3/017ef909a7871e0865879bf90cca0527c920010fe5a222b55ba7205baa1d336ea868b7dde4a060c8fc1ede85a1325cc79eef5e1f21170ac626d2ece82a58ad73
  languageName: node
  linkType: hard

"concat-map@npm:0.0.1":
  version: 0.0.1
  resolution: "concat-map@npm:0.0.1"
  checksum: 3/554e28d9ee5aa6e061795473ee092cb3d3a2cbdb76c35416e0bb6e03f136d7d07676da387b2ed0ec4106cedbb6534080d9abc48ecc4a92b76406cf2d0c3c0c4b
  languageName: node
  linkType: hard

"crc-32@npm:~1.2.0":
  version: 1.2.0
  resolution: "crc-32@npm:1.2.0"
  dependencies:
    exit-on-epipe: ~1.0.1
    printj: ~1.1.0
  bin:
    crc32: ./bin/crc32.njs
  checksum: 3/5a283cacfce357fec1f4fefce7c2293887b49acad3034c2a35928522e6c8a85504ed51f211681400faf390081b619dfa8e1878458517921cdcf736c48d0555d9
  languageName: node
  linkType: hard

"diff@npm:^4.0.1":
  version: 4.0.2
  resolution: "diff@npm:4.0.2"
  checksum: 3/81b5cd7ddde6f0ba2a532d434cfdca365aedd6cc62bb133e851e66e071d40382a30924a07c1034bd3d5a2e332146f64514b73c06fe2ebc0490a67f0c98da79fb
  languageName: node
  linkType: hard

"exit-on-epipe@npm:~1.0.1":
  version: 1.0.1
  resolution: "exit-on-epipe@npm:1.0.1"
  checksum: 3/24b604747458c0c9b719934d2af91bc78dc381e9296b8ee3887dd68e8f35500090b453335e9f0b392c0295562da1873c05dcbc77d29e6eea75a32bbef19adf53
  languageName: node
  linkType: hard

"fflate@npm:^0.3.8":
  version: 0.3.11
  resolution: "fflate@npm:0.3.11"
  checksum: 3/3f9712b1bb5b84617cf3a0f6f18ddd84615e35563f676b97c955a086763bf5f814fa327e74ccd94b146b522e72082e0cb1538696be13428beb53f2b5e3dd4db2
  languageName: node
  linkType: hard

"frac@npm:~1.1.2":
  version: 1.1.2
  resolution: "frac@npm:1.1.2"
  checksum: 3/e0bb03377ae55ac69c46228ae117b9db8f10929c1650dbfd24df1094ef4b3f27fc41276fb7b071b7ec3433d1d9e25dfc28f061694599c467866fb870f6ade129
  languageName: node
  linkType: hard

"fs.realpath@npm:^1.0.0":
  version: 1.0.0
  resolution: "fs.realpath@npm:1.0.0"
  checksum: 3/698a91b1695e3926185c9e5b0dd57cf687dceb4eb73799af91e6b2ab741735e2962c366c5af6403ffddae2619914193bd339efa706fdc984d0ffc74b7a3603f4
  languageName: node
  linkType: hard

"glob@npm:^7.1.3":
  version: 7.1.6
  resolution: "glob@npm:7.1.6"
  dependencies:
    fs.realpath: ^1.0.0
    inflight: ^1.0.4
    inherits: 2
    minimatch: ^3.0.4
    once: ^1.3.0
    path-is-absolute: ^1.0.0
  checksum: 3/789977b52432865bd63846da5c75a6efc2c56abdc0cb5ffcdb8e91eeb67a58fa5594c1195d18b2b4aff99675b0739ed6bd61024b26562e0cca18c8f993efdc82
  languageName: node
  linkType: hard

"inflight@npm:^1.0.4":
  version: 1.0.6
  resolution: "inflight@npm:1.0.6"
  dependencies:
    once: ^1.3.0
    wrappy: 1
  checksum: 3/17c53fc42cbe7f7f471d2bc41b97a0cde4b79a74d5ff59997d3f75210566fa278e17596da526d43de2bd07e222706240ce50e60097e54f2cde2e64cbbb372638
  languageName: node
  linkType: hard

"inherits@npm:2":
  version: 2.0.4
  resolution: "inherits@npm:2.0.4"
  checksum: 3/98426da247ddfc3dcd7d7daedd90c3ca32d5b08deca08949726f12d49232aef94772a07b36cf4ff833e105ae2ef931777f6de4a6dd8245a216b9299ad4a50bea
  languageName: node
  linkType: hard

"lodash@npm:^4.17.15":
  version: 4.17.15
  resolution: "lodash@npm:4.17.15"
  checksum: 3/aec3fbb7570aa67bda500b8299b1b1821d60646bede87f76a74dfcc7666ab3445267d734ec71424d70809d52ad67a1356fab5ab694a3faa1908d68e9d48f00f5
  languageName: node
  linkType: hard

"make-error@npm:^1.1.1":
  version: 1.3.6
  resolution: "make-error@npm:1.3.6"
  checksum: 3/2c780bab8409b865e8ee86697c599a2bf2765ec64d21eb67ccda27050e039f983feacad05a0d43aba3c966ea03d305d2612e94fec45474bcbc61181f57c5bb88
  languageName: node
  linkType: hard

"minimatch@npm:^3.0.4":
  version: 3.0.4
  resolution: "minimatch@npm:3.0.4"
  dependencies:
    brace-expansion: ^1.1.7
  checksum: 3/47eab9263962cacd5733e274ecad2d8e54b0f8e124ba35ae69189e296058f634a4967b87a98954f86fa5c830ff177caf827ce0136d28717ed3232951fb4fae62
  languageName: node
  linkType: hard

"once@npm:^1.3.0":
  version: 1.4.0
  resolution: "once@npm:1.4.0"
  dependencies:
    wrappy: 1
  checksum: 3/57afc246536cf6494437f982b26475f22bee860f8b77ce8eb1543f42a8bffe04b2c66ddfea9a16cb25ccb80943f8ee4fc639367ef97b7a6a4f2672eb573963f5
  languageName: node
  linkType: hard

"path-is-absolute@npm:^1.0.0":
  version: 1.0.1
  resolution: "path-is-absolute@npm:1.0.1"
  checksum: 3/907e1e3e6ac0aef6e65adffd75b3892191d76a5b94c5cf26b43667c4240531d11872ca6979c209b2e5e1609f7f579d02f64ba9936b48bb59d36cc529f0d965ed
  languageName: node
  linkType: hard

"printj@npm:~1.1.0":
  version: 1.1.2
  resolution: "printj@npm:1.1.2"
  bin:
    printj: ./bin/printj.njs
  checksum: 3/ee774aa5957a57474f078fca1e9a41a10aac35e9b1ce9b2e2ecdb832f58fd21b1601075441dca633f582c881cca6c60308bf8505e6ab06305181be241bd47241
  languageName: node
  linkType: hard

"printj@npm:~1.2.2":
  version: 1.2.3
  resolution: "printj@npm:1.2.3"
  bin:
    printj: bin/printj.njs
  checksum: 3/ed5cc20fbdadeee46db954c7a83e664201ba4e5edfc076d9ed60f4bcb2a352cb59915c8ed50441c4fc02f3ad31f5d2a66405f5ee36c4875d66854cbdd224c646
  languageName: node
  linkType: hard

"printj@npm:~1.3.0":
  version: 1.3.0
  resolution: "printj@npm:1.3.0"
  bin:
    printj: bin/printj.njs
  checksum: 3/5add01f3d734fb086d5cd35c5ce198aee6fcbfa1a4e197596f3bb332f89ae58f61cd7eff070d8bfbe6f2f9d45448521bdea442a6c3cb87208a6661d2e1abac7f
  languageName: node
  linkType: hard

"progress@npm:^2.0.3":
  version: 2.0.3
  resolution: "progress@npm:2.0.3"
  checksum: 3/c46ef5a1de4d527dfd32fe56a7df0c1c8b420a4c02617196813bf7f10ac7c2a929afc265d44fdd68f5c439a7e7cb3d70d569716c82d6b4148ec72089860a1312
  languageName: node
  linkType: hard

"rimraf@npm:^3.0.2":
  version: 3.0.2
  resolution: "rimraf@npm:3.0.2"
  dependencies:
    glob: ^7.1.3
  bin:
    rimraf: bin.js
  checksum: 3/f0de3e445581e64a8a077af476cc30708e659f5779ec2ca2a161556d0792aa318a685923798ae22055b4ecd02b9aff444ef619578f7af53cf8e0e248031e3dee
  languageName: node
  linkType: hard

"root-workspace-0b6124@workspace:.":
  version: 0.0.0-use.local
  resolution: "root-workspace-0b6124@workspace:."
  dependencies:
    "@types/lodash": ^4.14.153
    "@types/node": ^14.0.1
    "@types/progress": ^2.0.3
    lodash: ^4.17.15
    progress: ^2.0.3
    rimraf: ^3.0.2
    ts-node: ^8.10.1
    typescript: ^3.9.3
    xlsx: ^0.17.1
  languageName: unknown
  linkType: soft

"source-map-support@npm:^0.5.17":
  version: 0.5.19
  resolution: "source-map-support@npm:0.5.19"
  dependencies:
    buffer-from: ^1.0.0
    source-map: ^0.6.0
  checksum: 3/59d4efaae97755155b078413ecba63517e3ef054cc7ab767bbd30e6f3054be2ae8e8f5cce7eef53b7eb93e98fe27a58dd8f5e7abfb13144ba420ddaf5267bbb2
  languageName: node
  linkType: hard

"source-map@npm:^0.6.0":
  version: 0.6.1
  resolution: "source-map@npm:0.6.1"
  checksum: 3/8647829a0611724114022be455ca1c8a2c8ae61df81c5b3667d9b398207226a1e21174fb7bbf0b4dbeb27ac358222afb5a14f1c74a62a62b8883b012e5eb1270
  languageName: node
  linkType: hard

"ssf@npm:~0.11.2":
  version: 0.11.2
  resolution: "ssf@npm:0.11.2"
  dependencies:
    frac: ~1.1.2
  checksum: 3/c917f19a04accb5bc8ee9be7d0b1abf77a0a3588c7f30eb7b9eb5b58439eec13cd9c60b7cf2c024559ce2dc360a1f990260651cc2a50cc7b358463a4eec57b04
  languageName: node
  linkType: hard

"ts-node@npm:^8.10.1":
  version: 8.10.1
  resolution: "ts-node@npm:8.10.1"
  dependencies:
    arg: ^4.1.0
    diff: ^4.0.1
    make-error: ^1.1.1
    source-map-support: ^0.5.17
    yn: 3.1.1
  peerDependencies:
    typescript: ">=2.7"
  bin:
    ts-node: dist/bin.js
    ts-node-script: dist/bin-script.js
    ts-node-transpile-only: dist/bin-transpile.js
    ts-script: dist/bin-script-deprecated.js
  checksum: 3/4eda8591d422bdb9b9464921b4b1d850d3f32a4500db4c067a6d72b8f5c92934645b8d2e5a37c633361ce5664e6d7e426db6049cdf574276196d539c2c526385
  languageName: node
  linkType: hard

typescript@^3.9.3:
  version: 3.9.3
  resolution: "typescript@npm:3.9.3"
  bin:
    tsc: bin/tsc
    tsserver: bin/tsserver
  checksum: 3/f05e6f1c50c635bd7afc95fbc9eb704042b5bec9a77b9c86ddc0c56650c928617d608b9ec9aa468d7b4cf14ac1ea5f540c540c725005a179b54a86665abd9a55
  languageName: node
  linkType: hard

"typescript@patch:typescript@^3.9.3#builtin<compat/typescript>":
  version: 3.9.3
  resolution: "typescript@patch:typescript@npm%3A3.9.3#builtin<compat/typescript>::version=3.9.3&hash=8cac75"
  bin:
    tsc: bin/tsc
    tsserver: bin/tsserver
  checksum: 3/a3780f6fdf0502bb152a3ad56cd004db46f70496f1b8317657d9e89dd93c911483625fd25867d6aec1cd2854ccf036ecc614989c9f1b36bec2d5daffa9bfc230
  languageName: node
  linkType: hard

"wmf@npm:~1.0.1":
  version: 1.0.2
  resolution: "wmf@npm:1.0.2"
  checksum: 3/a78653ce9f47645ca8c2cf966884be156aeb69a7c7bb9229a350bd0d61e96a05abaa4b8d83ee6dccaf8dc710cfd6a8b3f8c59584ab44194a8fdabf57e3f0f3d2
  languageName: node
  linkType: hard

"word@npm:~0.3.0":
  version: 0.3.0
  resolution: "word@npm:0.3.0"
  checksum: 3/dee95a1ce8a4996f8cd7f42674a43a96cfce16fab8e948183d8fdd6f04c2379836326ae92f9d76882819330dac69d3a09cccf537b52893fccb906bf708dd0d73
  languageName: node
  linkType: hard

"wrappy@npm:1":
  version: 1.0.2
  resolution: "wrappy@npm:1.0.2"
  checksum: 3/519fcda0fcdf0c16327be2de9d98646742307bc830277e8868529fcf7566f2b330a6453c233e0cdcb767d5838dd61a90984a02ecc983bcddebea5ad0833bbf98
  languageName: node
  linkType: hard

"xlsx@npm:^0.17.1":
  version: 0.17.1
  resolution: "xlsx@npm:0.17.1"
  dependencies:
    adler-32: ~1.2.0
    cfb: ^1.1.4
    codepage: ~1.15.0
    commander: ~2.17.1
    crc-32: ~1.2.0
    exit-on-epipe: ~1.0.1
    fflate: ^0.3.8
    ssf: ~0.11.2
    wmf: ~1.0.1
    word: ~0.3.0
  bin:
    xlsx: bin/xlsx.njs
  checksum: 3/4b61e850322ce751368b1c4a4daf8d4768582a967fd3398cd96ba7d77068c022d7c4d47ae095ba502755c27ae54672c35f382027fd174302df6396f2532525af
  languageName: node
  linkType: hard

"yn@npm:3.1.1":
  version: 3.1.1
  resolution: "yn@npm:3.1.1"
  checksum: 3/bff63b80568d80c711670935427494dde47cdf97e8b04196b140ce0af519c81c5ee857eddad0caa8b422dd65aea0157bbfaacbb1546bebba623f0f383d5d9ae5
  languageName: node
  linkType: hard
